
Microsoft Visual Studio Solution File, Format Version 12.00
# Visual Studio 15
Project("{FAE04EC0-301F-11D3-BF4B-00C04F79EFBC}") = "custommaps.Android", "custommaps.Android\custommaps.Android.csproj", "{A3E16C8C-71A8-4AE9-9EC8-16EFE0317A2F}"
EndProject
Project("{FAE04EC0-301F-11D3-BF4B-00C04F79EFBC}") = "custommaps.iOS", "custommaps.iOS\custommaps.iOS.csproj", "{6C0F4A08-1D53-4DB8-9434-099EA33C4FB4}"
EndProject
Project("{FAE04EC0-301F-11D3-BF4B-00C04F79EFBC}") = "custommaps.UITests", "custommaps.UITests\custommaps.UITests.csproj", "{4B5F5D61-E7C4-4346-B8E2-AEE3F6680B76}"
EndProject
Project("{FAE04EC0-301F-11D3-BF4B-00C04F79EFBC}") = "custommaps", "custommaps\custommaps.csproj", "{4CEF2E53-D03B-43CB-9EDD-BA99A59891AE}"
EndProject
Global
	GlobalSection(SolutionConfigurationPlatforms) = preSolution
		Debug|Any CPU = Debug|Any CPU
		Release|Any CPU = Release|Any CPU
		Debug|iPhoneSimulator = Debug|iPhoneSimulator
		Release|iPhoneSimulator = Release|iPhoneSimulator
		Debug|iPhone = Debug|iPhone
		Release|iPhone = Release|iPhone
	EndGlobalSection
	GlobalSection(ProjectConfigurationPlatforms) = postSolution
		{A3E16C8C-71A8-4AE9-9EC8-16EFE0317A2F}.Debug|Any CPU.ActiveCfg = Debug|Any CPU
		{A3E16C8C-71A8-4AE9-9EC8-16EFE0317A2F}.Debug|Any CPU.Build.0 = Debug|Any CPU
		{A3E16C8C-71A8-4AE9-9EC8-16EFE0317A2F}.Release|Any CPU.ActiveCfg = Release|Any CPU
		{A3E16C8C-71A8-4AE9-9EC8-16EFE0317A2F}.Release|Any CPU.Build.0 = Release|Any CPU
		{A3E16C8C-71A8-4AE9-9EC8-16EFE0317A2F}.Debug|iPhoneSimulator.ActiveCfg = Debug|Any CPU
		{A3E16C8C-71A8-4AE9-9EC8-16EFE0317A2F}.Debug|iPhoneSimulator.Build.0 = Debug|Any CPU
		{A3E16C8C-71A8-4AE9-9EC8-16EFE0317A2F}.Release|iPhoneSimulator.ActiveCfg = Release|Any CPU
		{A3E16C8C-71A8-4AE9-9EC8-16EFE0317A2F}.Release|iPhoneSimulator.Build.0 = Release|Any CPU
		{A3E16C8C-71A8-4AE9-9EC8-16EFE0317A2F}.Debug|iPhone.ActiveCfg = Debug|Any CPU
		{A3E16C8C-71A8-4AE9-9EC8-16EFE0317A2F}.Debug|iPhone.Build.0 = Debug|Any CPU
		{A3E16C8C-71A8-4AE9-9EC8-16EFE0317A2F}.Release|iPhone.ActiveCfg = Release|Any CPU
		{A3E16C8C-71A8-4AE9-9EC8-16EFE0317A2F}.Release|iPhone.Build.0 = Release|Any CPU
		{6C0F4A08-1D53-4DB8-9434-099EA33C4FB4}.Debug|Any CPU.ActiveCfg = Debug|iPhoneSimulator
		{6C0F4A08-1D53-4DB8-9434-099EA33C4FB4}.Debug|Any CPU.Build.0 = Debug|iPhoneSimulator
		{6C0F4A08-1D53-4DB8-9434-099EA33C4FB4}.Release|Any CPU.ActiveCfg = Release|iPhoneSimulator
		{6C0F4A08-1D53-4DB8-9434-099EA33C4FB4}.Release|Any CPU.Build.0 = Release|iPhoneSimulator
		{6C0F4A08-1D53-4DB8-9434-099EA33C4FB4}.Debug|iPhoneSimulator.ActiveCfg = Debug|iPhoneSimulator
		{6C0F4A08-1D53-4DB8-9434-099EA33C4FB4}.Debug|iPhoneSimulator.Build.0 = Debug|iPhoneSimulator
		{6C0F4A08-1D53-4DB8-9434-099EA33C4FB4}.Release|iPhoneSimulator.ActiveCfg = Release|iPhoneSimulator
		{6C0F4A08-1D53-4DB8-9434-099EA33C4FB4}.Release|iPhoneSimulator.Build.0 = Release|iPhoneSimulator
		{6C0F4A08-1D53-4DB8-9434-099EA33C4FB4}.Debug|iPhone.ActiveCfg = Debug|iPhone
		{6C0F4A08-1D53-4DB8-9434-099EA33C4FB4}.Debug|iPhone.Build.0 = Debug|iPhone
		{6C0F4A08-1D53-4DB8-9434-099EA33C4FB4}.Release|iPhone.ActiveCfg = Release|iPhone
		{6C0F4A08-1D53-4DB8-9434-099EA33C4FB4}.Release|iPhone.Build.0 = Release|iPhone
		{4B5F5D61-E7C4-4346-B8E2-AEE3F6680B76}.Debug|Any CPU.ActiveCfg = Debug|Any CPU
		{4B5F5D61-E7C4-4346-B8E2-AEE3F6680B76}.Debug|Any CPU.Build.0 = Debug|Any CPU
		{4B5F5D61-E7C4-4346-B8E2-AEE3F6680B76}.Release|Any CPU.ActiveCfg = Release|Any CPU
		{4B5F5D61-E7C4-4346-B8E2-AEE3F6680B76}.Release|Any CPU.Build.0 = Release|Any CPU
		{4B5F5D61-E7C4-4346-B8E2-AEE3F6680B76}.Debug|iPhoneSimulator.ActiveCfg = Debug|Any CPU
		{4B5F5D61-E7C4-4346-B8E2-AEE3F6680B76}.Debug|iPhoneSimulator.Build.0 = Debug|Any CPU
		{4B5F5D61-E7C4-4346-B8E2-AEE3F6680B76}.Release|iPhoneSimulator.ActiveCfg = Release|Any CPU
		{4B5F5D61-E7C4-4346-B8E2-AEE3F6680B76}.Release|iPhoneSimulator.Build.0 = Release|Any CPU
		{4B5F5D61-E7C4-4346-B8E2-AEE3F6680B76}.Debug|iPhone.ActiveCfg = Debug|Any CPU
		{4B5F5D61-E7C4-4346-B8E2-AEE3F6680B76}.Debug|iPhone.Build.0 = Debug|Any CPU
		{4B5F5D61-E7C4-4346-B8E2-AEE3F6680B76}.Release|iPhone.ActiveCfg = Release|Any CPU
		{4B5F5D61-E7C4-4346-B8E2-AEE3F6680B76}.Release|iPhone.Build.0 = Release|Any CPU
		{4CEF2E53-D03B-43CB-9EDD-BA99A59891AE}.Debug|Any CPU.ActiveCfg = Debug|Any CPU
		{4CEF2E53-D03B-43CB-9EDD-BA99A59891AE}.Debug|Any CPU.Build.0 = Debug|Any CPU
		{4CEF2E53-D03B-43CB-9EDD-BA99A59891AE}.Release|Any CPU.ActiveCfg = Release|Any CPU
		{4CEF2E53-D03B-43CB-9EDD-BA99A59891AE}.Release|Any CPU.Build.0 = Release|Any CPU
		{4CEF2E53-D03B-43CB-9EDD-BA99A59891AE}.Debug|iPhoneSimulator.ActiveCfg = Debug|Any CPU
		{4CEF2E53-D03B-43CB-9EDD-BA99A59891AE}.Debug|iPhoneSimulator.Build.0 = Debug|Any CPU
		{4CEF2E53-D03B-43CB-9EDD-BA99A59891AE}.Release|iPhoneSimulator.ActiveCfg = Release|Any CPU
		{4CEF2E53-D03B-43CB-9EDD-BA99A59891AE}.Release|iPhoneSimulator.Build.0 = Release|Any CPU
		{4CEF2E53-D03B-43CB-9EDD-BA99A59891AE}.Debug|iPhone.ActiveCfg = Debug|Any CPU
		{4CEF2E53-D03B-43CB-9EDD-BA99A59891AE}.Debug|iPhone.Build.0 = Debug|Any CPU
		{4CEF2E53-D03B-43CB-9EDD-BA99A59891AE}.Release|iPhone.ActiveCfg = Release|Any CPU
		{4CEF2E53-D03B-43CB-9EDD-BA99A59891AE}.Release|iPhone.Build.0 = Release|Any CPU
	EndGlobalSection
EndGlobal
